// !$*UTF8*$!
{
	archiveVersion = 1;
	classes = {
	};
	objectVersion = 46;
	objects = {

/* Begin PBXBuildFile section */
		C66424191DE0A3CE00197D45 /* AppDelegate.swift in Sources */ = {isa = PBXBuildFile; fileRef = C66424181DE0A3CE00197D45 /* AppDelegate.swift */; };
		C664241E1DE0A3CE00197D45 /* Main.storyboard in Resources */ = {isa = PBXBuildFile; fileRef = C664241C1DE0A3CE00197D45 /* Main.storyboard */; };
		C66424211DE0A3CE00197D45 /* MED_CARDS.xcdatamodeld in Sources */ = {isa = PBXBuildFile; fileRef = C664241F1DE0A3CE00197D45 /* MED_CARDS.xcdatamodeld */; };
		C66424231DE0A3CE00197D45 /* Assets.xcassets in Resources */ = {isa = PBXBuildFile; fileRef = C66424221DE0A3CE00197D45 /* Assets.xcassets */; };
		C66424261DE0A3CE00197D45 /* LaunchScreen.storyboard in Resources */ = {isa = PBXBuildFile; fileRef = C66424241DE0A3CE00197D45 /* LaunchScreen.storyboard */; };
		C66424311DE0A3CE00197D45 /* MED_CARDSTests.swift in Sources */ = {isa = PBXBuildFile; fileRef = C66424301DE0A3CE00197D45 /* MED_CARDSTests.swift */; };
		C664243C1DE0A3CE00197D45 /* MED_CARDSUITests.swift in Sources */ = {isa = PBXBuildFile; fileRef = C664243B1DE0A3CE00197D45 /* MED_CARDSUITests.swift */; };
		C664244B1DE0A64F00197D45 /* Card.swift in Sources */ = {isa = PBXBuildFile; fileRef = C664244A1DE0A64F00197D45 /* Card.swift */; };
		C664244D1DE0A6BD00197D45 /* Deck.swift in Sources */ = {isa = PBXBuildFile; fileRef = C664244C1DE0A6BD00197D45 /* Deck.swift */; };
		C664244F1DE0A6E800197D45 /* MedcardsModel.swift in Sources */ = {isa = PBXBuildFile; fileRef = C664244E1DE0A6E800197D45 /* MedcardsModel.swift */; };
		C66424511DE0E46B00197D45 /* CardViewController.swift in Sources */ = {isa = PBXBuildFile; fileRef = C66424501DE0E46B00197D45 /* CardViewController.swift */; };
		C6D21A6B1DE648B80075D68A /* AddDecksTableViewController.swift in Sources */ = {isa = PBXBuildFile; fileRef = C6D21A6A1DE648B80075D68A /* AddDecksTableViewController.swift */; };
		C6D21A6F1DE6DC7F0075D68A /* DecksTableViewController.swift in Sources */ = {isa = PBXBuildFile; fileRef = C6D21A6E1DE6DC7F0075D68A /* DecksTableViewController.swift */; };
		C6D21A741DE742830075D68A /* 1.json in Resources */ = {isa = PBXBuildFile; fileRef = C6D21A701DE742830075D68A /* 1.json */; };
		C6D21A751DE742830075D68A /* 2.json in Resources */ = {isa = PBXBuildFile; fileRef = C6D21A711DE742830075D68A /* 2.json */; };
		C6D21A761DE742830075D68A /* 3.json in Resources */ = {isa = PBXBuildFile; fileRef = C6D21A721DE742830075D68A /* 3.json */; };
		C6D21A771DE742830075D68A /* sets.json in Resources */ = {isa = PBXBuildFile; fileRef = C6D21A731DE742830075D68A /* sets.json */; };
		C6D21A791DE743E60075D68A /* DeckLibraryTableViewController.swift in Sources */ = {isa = PBXBuildFile; fileRef = C6D21A781DE743E60075D68A /* DeckLibraryTableViewController.swift */; };
/* End PBXBuildFile section */

/* Begin PBXContainerItemProxy section */
		C664242D1DE0A3CE00197D45 /* PBXContainerItemProxy */ = {
			isa = PBXContainerItemProxy;
			containerPortal = C664240D1DE0A3CE00197D45 /* Project object */;
			proxyType = 1;
			remoteGlobalIDString = C66424141DE0A3CE00197D45;
			remoteInfo = "MED-CARDS";
		};
		C66424381DE0A3CE00197D45 /* PBXContainerItemProxy */ = {
			isa = PBXContainerItemProxy;
			containerPortal = C664240D1DE0A3CE00197D45 /* Project object */;
			proxyType = 1;
			remoteGlobalIDString = C66424141DE0A3CE00197D45;
			remoteInfo = "MED-CARDS";
		};
/* End PBXContainerItemProxy section */

/* Begin PBXFileReference section */
		C66424151DE0A3CE00197D45 /* MED-CARDS.app */ = {isa = PBXFileReference; explicitFileType = wrapper.application; includeInIndex = 0; path = "MED-CARDS.app"; sourceTree = BUILT_PRODUCTS_DIR; };
		C66424181DE0A3CE00197D45 /* AppDelegate.swift */ = {isa = PBXFileReference; lastKnownFileType = sourcecode.swift; path = AppDelegate.swift; sourceTree = "<group>"; };
		C664241D1DE0A3CE00197D45 /* Base */ = {isa = PBXFileReference; lastKnownFileType = file.storyboard; name = Base; path = Base.lproj/Main.storyboard; sourceTree = "<group>"; };
		C66424201DE0A3CE00197D45 /* MED_CARDS.xcdatamodel */ = {isa = PBXFileReference; lastKnownFileType = wrapper.xcdatamodel; path = MED_CARDS.xcdatamodel; sourceTree = "<group>"; };
		C66424221DE0A3CE00197D45 /* Assets.xcassets */ = {isa = PBXFileReference; lastKnownFileType = folder.assetcatalog; path = Assets.xcassets; sourceTree = "<group>"; };
		C66424251DE0A3CE00197D45 /* Base */ = {isa = PBXFileReference; lastKnownFileType = file.storyboard; name = Base; path = Base.lproj/LaunchScreen.storyboard; sourceTree = "<group>"; };
		C66424271DE0A3CE00197D45 /* Info.plist */ = {isa = PBXFileReference; lastKnownFileType = text.plist.xml; path = Info.plist; sourceTree = "<group>"; };
		C664242C1DE0A3CE00197D45 /* MED-CARDSTests.xctest */ = {isa = PBXFileReference; explicitFileType = wrapper.cfbundle; includeInIndex = 0; path = "MED-CARDSTests.xctest"; sourceTree = BUILT_PRODUCTS_DIR; };
		C66424301DE0A3CE00197D45 /* MED_CARDSTests.swift */ = {isa = PBXFileReference; lastKnownFileType = sourcecode.swift; path = MED_CARDSTests.swift; sourceTree = "<group>"; };
		C66424321DE0A3CE00197D45 /* Info.plist */ = {isa = PBXFileReference; lastKnownFileType = text.plist.xml; path = Info.plist; sourceTree = "<group>"; };
		C66424371DE0A3CE00197D45 /* MED-CARDSUITests.xctest */ = {isa = PBXFileReference; explicitFileType = wrapper.cfbundle; includeInIndex = 0; path = "MED-CARDSUITests.xctest"; sourceTree = BUILT_PRODUCTS_DIR; };
		C664243B1DE0A3CE00197D45 /* MED_CARDSUITests.swift */ = {isa = PBXFileReference; lastKnownFileType = sourcecode.swift; path = MED_CARDSUITests.swift; sourceTree = "<group>"; };
		C664243D1DE0A3CE00197D45 /* Info.plist */ = {isa = PBXFileReference; lastKnownFileType = text.plist.xml; path = Info.plist; sourceTree = "<group>"; };
		C664244A1DE0A64F00197D45 /* Card.swift */ = {isa = PBXFileReference; fileEncoding = 4; lastKnownFileType = sourcecode.swift; path = Card.swift; sourceTree = "<group>"; };
		C664244C1DE0A6BD00197D45 /* Deck.swift */ = {isa = PBXFileReference; fileEncoding = 4; lastKnownFileType = sourcecode.swift; path = Deck.swift; sourceTree = "<group>"; };
		C664244E1DE0A6E800197D45 /* MedcardsModel.swift */ = {isa = PBXFileReference; fileEncoding = 4; lastKnownFileType = sourcecode.swift; path = MedcardsModel.swift; sourceTree = "<group>"; };
		C66424501DE0E46B00197D45 /* CardViewController.swift */ = {isa = PBXFileReference; fileEncoding = 4; lastKnownFileType = sourcecode.swift; path = CardViewController.swift; sourceTree = "<group>"; };
		C6D21A6A1DE648B80075D68A /* AddDecksTableViewController.swift */ = {isa = PBXFileReference; fileEncoding = 4; lastKnownFileType = sourcecode.swift; path = AddDecksTableViewController.swift; sourceTree = "<group>"; };
		C6D21A6E1DE6DC7F0075D68A /* DecksTableViewController.swift */ = {isa = PBXFileReference; fileEncoding = 4; lastKnownFileType = sourcecode.swift; path = DecksTableViewController.swift; sourceTree = "<group>"; };
		C6D21A701DE742830075D68A /* 1.json */ = {isa = PBXFileReference; fileEncoding = 4; lastKnownFileType = text.json; path = 1.json; sourceTree = "<group>"; };
		C6D21A711DE742830075D68A /* 2.json */ = {isa = PBXFileReference; fileEncoding = 4; lastKnownFileType = text.json; path = 2.json; sourceTree = "<group>"; };
		C6D21A721DE742830075D68A /* 3.json */ = {isa = PBXFileReference; fileEncoding = 4; lastKnownFileType = text.json; path = 3.json; sourceTree = "<group>"; };
		C6D21A731DE742830075D68A /* sets.json */ = {isa = PBXFileReference; fileEncoding = 4; lastKnownFileType = text.json; path = sets.json; sourceTree = "<group>"; };
		C6D21A781DE743E60075D68A /* DeckLibraryTableViewController.swift */ = {isa = PBXFileReference; fileEncoding = 4; lastKnownFileType = sourcecode.swift; path = DeckLibraryTableViewController.swift; sourceTree = "<group>"; };
/* End PBXFileReference section */

/* Begin PBXFrameworksBuildPhase section */
		C66424121DE0A3CE00197D45 /* Frameworks */ = {
			isa = PBXFrameworksBuildPhase;
			buildActionMask = 2147483647;
			files = (
			);
			runOnlyForDeploymentPostprocessing = 0;
		};
		C66424291DE0A3CE00197D45 /* Frameworks */ = {
			isa = PBXFrameworksBuildPhase;
			buildActionMask = 2147483647;
			files = (
			);
			runOnlyForDeploymentPostprocessing = 0;
		};
		C66424341DE0A3CE00197D45 /* Frameworks */ = {
			isa = PBXFrameworksBuildPhase;
			buildActionMask = 2147483647;
			files = (
			);
			runOnlyForDeploymentPostprocessing = 0;
		};
/* End PBXFrameworksBuildPhase section */

/* Begin PBXGroup section */
		C664240C1DE0A3CE00197D45 = {
			isa = PBXGroup;
			children = (
				C66424171DE0A3CE00197D45 /* MED-CARDS */,
				C664242F1DE0A3CE00197D45 /* MED-CARDSTests */,
				C664243A1DE0A3CE00197D45 /* MED-CARDSUITests */,
				C66424161DE0A3CE00197D45 /* Products */,
			);
			sourceTree = "<group>";
		};
		C66424161DE0A3CE00197D45 /* Products */ = {
			isa = PBXGroup;
			children = (
				C66424151DE0A3CE00197D45 /* MED-CARDS.app */,
				C664242C1DE0A3CE00197D45 /* MED-CARDSTests.xctest */,
				C66424371DE0A3CE00197D45 /* MED-CARDSUITests.xctest */,
			);
			name = Products;
			sourceTree = "<group>";
		};
		C66424171DE0A3CE00197D45 /* MED-CARDS */ = {
			isa = PBXGroup;
			children = (
				C6D21A671DE628060075D68A /* Controller */,
				C66424491DE0A61C00197D45 /* Model */,
				C66424181DE0A3CE00197D45 /* AppDelegate.swift */,
				C664241C1DE0A3CE00197D45 /* Main.storyboard */,
				C66424221DE0A3CE00197D45 /* Assets.xcassets */,
				C66424241DE0A3CE00197D45 /* LaunchScreen.storyboard */,
				C66424271DE0A3CE00197D45 /* Info.plist */,
				C664241F1DE0A3CE00197D45 /* MED_CARDS.xcdatamodeld */,
			);
			path = "MED-CARDS";
			sourceTree = "<group>";
		};
		C664242F1DE0A3CE00197D45 /* MED-CARDSTests */ = {
			isa = PBXGroup;
			children = (
				C66424301DE0A3CE00197D45 /* MED_CARDSTests.swift */,
				C66424321DE0A3CE00197D45 /* Info.plist */,
			);
			path = "MED-CARDSTests";
			sourceTree = "<group>";
		};
		C664243A1DE0A3CE00197D45 /* MED-CARDSUITests */ = {
			isa = PBXGroup;
			children = (
				C664243B1DE0A3CE00197D45 /* MED_CARDSUITests.swift */,
				C664243D1DE0A3CE00197D45 /* Info.plist */,
			);
			path = "MED-CARDSUITests";
			sourceTree = "<group>";
		};
		C66424491DE0A61C00197D45 /* Model */ = {
			isa = PBXGroup;
			children = (
				C664244A1DE0A64F00197D45 /* Card.swift */,
				C664244C1DE0A6BD00197D45 /* Deck.swift */,
				C664244E1DE0A6E800197D45 /* MedcardsModel.swift */,
				C6D21A701DE742830075D68A /* 1.json */,
				C6D21A711DE742830075D68A /* 2.json */,
				C6D21A721DE742830075D68A /* 3.json */,
				C6D21A731DE742830075D68A /* sets.json */,
			);
			name = Model;
			sourceTree = "<group>";
		};
		C6D21A671DE628060075D68A /* Controller */ = {
			isa = PBXGroup;
			children = (
				C66424501DE0E46B00197D45 /* CardViewController.swift */,
				C6D21A6A1DE648B80075D68A /* AddDecksTableViewController.swift */,
				C6D21A6E1DE6DC7F0075D68A /* DecksTableViewController.swift */,
				C6D21A781DE743E60075D68A /* DeckLibraryTableViewController.swift */,
			);
			name = Controller;
			sourceTree = "<group>";
		};
/* End PBXGroup section */

/* Begin PBXNativeTarget section */
		C66424141DE0A3CE00197D45 /* MED-CARDS */ = {
			isa = PBXNativeTarget;
			buildConfigurationList = C66424401DE0A3CE00197D45 /* Build configuration list for PBXNativeTarget "MED-CARDS" */;
			buildPhases = (
				C66424111DE0A3CE00197D45 /* Sources */,
				C66424121DE0A3CE00197D45 /* Frameworks */,
				C66424131DE0A3CE00197D45 /* Resources */,
			);
			buildRules = (
			);
			dependencies = (
			);
			name = "MED-CARDS";
			productName = "MED-CARDS";
			productReference = C66424151DE0A3CE00197D45 /* MED-CARDS.app */;
			productType = "com.apple.product-type.application";
		};
		C664242B1DE0A3CE00197D45 /* MED-CARDSTests */ = {
			isa = PBXNativeTarget;
			buildConfigurationList = C66424431DE0A3CE00197D45 /* Build configuration list for PBXNativeTarget "MED-CARDSTests" */;
			buildPhases = (
				C66424281DE0A3CE00197D45 /* Sources */,
				C66424291DE0A3CE00197D45 /* Frameworks */,
				C664242A1DE0A3CE00197D45 /* Resources */,
			);
			buildRules = (
			);
			dependencies = (
				C664242E1DE0A3CE00197D45 /* PBXTargetDependency */,
			);
			name = "MED-CARDSTests";
			productName = "MED-CARDSTests";
			productReference = C664242C1DE0A3CE00197D45 /* MED-CARDSTests.xctest */;
			productType = "com.apple.product-type.bundle.unit-test";
		};
		C66424361DE0A3CE00197D45 /* MED-CARDSUITests */ = {
			isa = PBXNativeTarget;
			buildConfigurationList = C66424461DE0A3CE00197D45 /* Build configuration list for PBXNativeTarget "MED-CARDSUITests" */;
			buildPhases = (
				C66424331DE0A3CE00197D45 /* Sources */,
				C66424341DE0A3CE00197D45 /* Frameworks */,
				C66424351DE0A3CE00197D45 /* Resources */,
			);
			buildRules = (
			);
			dependencies = (
				C66424391DE0A3CE00197D45 /* PBXTargetDependency */,
			);
			name = "MED-CARDSUITests";
			productName = "MED-CARDSUITests";
			productReference = C66424371DE0A3CE00197D45 /* MED-CARDSUITests.xctest */;
			productType = "com.apple.product-type.bundle.ui-testing";
		};
/* End PBXNativeTarget section */

/* Begin PBXProject section */
		C664240D1DE0A3CE00197D45 /* Project object */ = {
			isa = PBXProject;
			attributes = {
				LastSwiftUpdateCheck = 0810;
				LastUpgradeCheck = 0920;
				ORGANIZATIONNAME = Sanexio;
				TargetAttributes = {
					C66424141DE0A3CE00197D45 = {
						CreatedOnToolsVersion = 8.1;
						DevelopmentTeam = ZR7MEKJXLB;
						LastSwiftMigration = 0920;
						ProvisioningStyle = Automatic;
					};
					C664242B1DE0A3CE00197D45 = {
						CreatedOnToolsVersion = 8.1;
						DevelopmentTeam = ZR7MEKJXLB;
						LastSwiftMigration = 0920;
						ProvisioningStyle = Automatic;
						TestTargetID = C66424141DE0A3CE00197D45;
					};
					C66424361DE0A3CE00197D45 = {
						CreatedOnToolsVersion = 8.1;
						DevelopmentTeam = ZR7MEKJXLB;
						LastSwiftMigration = 0920;
						ProvisioningStyle = Automatic;
						TestTargetID = C66424141DE0A3CE00197D45;
					};
				};
			};
			buildConfigurationList = C66424101DE0A3CE00197D45 /* Build configuration list for PBXProject "MED-CARDS" */;
			compatibilityVersion = "Xcode 3.2";
			developmentRegion = English;
			hasScannedForEncodings = 0;
			knownRegions = (
				en,
				Base,
			);
			mainGroup = C664240C1DE0A3CE00197D45;
			productRefGroup = C66424161DE0A3CE00197D45 /* Products */;
			projectDirPath = "";
			projectRoot = "";
			targets = (
				C66424141DE0A3CE00197D45 /* MED-CARDS */,
				C664242B1DE0A3CE00197D45 /* MED-CARDSTests */,
				C66424361DE0A3CE00197D45 /* MED-CARDSUITests */,
			);
		};
/* End PBXProject section */

/* Begin PBXResourcesBuildPhase section */
		C66424131DE0A3CE00197D45 /* Resources */ = {
			isa = PBXResourcesBuildPhase;
			buildActionMask = 2147483647;
			files = (
				C6D21A751DE742830075D68A /* 2.json in Resources */,
				C66424261DE0A3CE00197D45 /* LaunchScreen.storyboard in Resources */,
				C66424231DE0A3CE00197D45 /* Assets.xcassets in Resources */,
				C6D21A761DE742830075D68A /* 3.json in Resources */,
				C664241E1DE0A3CE00197D45 /* Main.storyboard in Resources */,
				C6D21A771DE742830075D68A /* sets.json in Resources */,
				C6D21A741DE742830075D68A /* 1.json in Resources */,
			);
			runOnlyForDeploymentPostprocessing = 0;
		};
		C664242A1DE0A3CE00197D45 /* Resources */ = {
			isa = PBXResourcesBuildPhase;
			buildActionMask = 2147483647;
			files = (
			);
			runOnlyForDeploymentPostprocessing = 0;
		};
		C66424351DE0A3CE00197D45 /* Resources */ = {
			isa = PBXResourcesBuildPhase;
			buildActionMask = 2147483647;
			files = (
			);
			runOnlyForDeploymentPostprocessing = 0;
		};
/* End PBXResourcesBuildPhase section */

/* Begin PBXSourcesBuildPhase section */
		C66424111DE0A3CE00197D45 /* Sources */ = {
			isa = PBXSourcesBuildPhase;
			buildActionMask = 2147483647;
			files = (
				C664244F1DE0A6E800197D45 /* MedcardsModel.swift in Sources */,
				C66424511DE0E46B00197D45 /* CardViewController.swift in Sources */,
				C6D21A6F1DE6DC7F0075D68A /* DecksTableViewController.swift in Sources */,
				C66424191DE0A3CE00197D45 /* AppDelegate.swift in Sources */,
				C6D21A791DE743E60075D68A /* DeckLibraryTableViewController.swift in Sources */,
				C664244D1DE0A6BD00197D45 /* Deck.swift in Sources */,
				C66424211DE0A3CE00197D45 /* MED_CARDS.xcdatamodeld in Sources */,
				C6D21A6B1DE648B80075D68A /* AddDecksTableViewController.swift in Sources */,
				C664244B1DE0A64F00197D45 /* Card.swift in Sources */,
			);
			runOnlyForDeploymentPostprocessing = 0;
		};
		C66424281DE0A3CE00197D45 /* Sources */ = {
			isa = PBXSourcesBuildPhase;
			buildActionMask = 2147483647;
			files = (
				C66424311DE0A3CE00197D45 /* MED_CARDSTests.swift in Sources */,
			);
			runOnlyForDeploymentPostprocessing = 0;
		};
		C66424331DE0A3CE00197D45 /* Sources */ = {
			isa = PBXSourcesBuildPhase;
			buildActionMask = 2147483647;
			files = (
				C664243C1DE0A3CE00197D45 /* MED_CARDSUITests.swift in Sources */,
			);
			runOnlyForDeploymentPostprocessing = 0;
		};
/* End PBXSourcesBuildPhase section */

/* Begin PBXTargetDependency section */
		C664242E1DE0A3CE00197D45 /* PBXTargetDependency */ = {
			isa = PBXTargetDependency;
			target = C66424141DE0A3CE00197D45 /* MED-CARDS */;
			targetProxy = C664242D1DE0A3CE00197D45 /* PBXContainerItemProxy */;
		};
		C66424391DE0A3CE00197D45 /* PBXTargetDependency */ = {
			isa = PBXTargetDependency;
			target = C66424141DE0A3CE00197D45 /* MED-CARDS */;
			targetProxy = C66424381DE0A3CE00197D45 /* PBXContainerItemProxy */;
		};
/* End PBXTargetDependency section */

/* Begin PBXVariantGroup section */
		C664241C1DE0A3CE00197D45 /* Main.storyboard */ = {
			isa = PBXVariantGroup;
			children = (
				C664241D1DE0A3CE00197D45 /* Base */,
			);
			name = Main.storyboard;
			sourceTree = "<group>";
		};
		C66424241DE0A3CE00197D45 /* LaunchScreen.storyboard */ = {
			isa = PBXVariantGroup;
			children = (
				C66424251DE0A3CE00197D45 /* Base */,
			);
			name = LaunchScreen.storyboard;
			sourceTree = "<group>";
		};
/* End PBXVariantGroup section */

/* Begin XCBuildConfiguration section */
		C664243E1DE0A3CE00197D45 /* Debug */ = {
			isa = XCBuildConfiguration;
			buildSettings = {
				ALWAYS_SEARCH_USER_PATHS = NO;
				CLANG_ANALYZER_NONNULL = YES;
				CLANG_CXX_LANGUAGE_STANDARD = "gnu++0x";
				CLANG_CXX_LIBRARY = "libc++";
				CLANG_ENABLE_MODULES = YES;
				CLANG_ENABLE_OBJC_ARC = YES;
				CLANG_WARN_BLOCK_CAPTURE_AUTORELEASING = YES;
				CLANG_WARN_BOOL_CONVERSION = YES;
				CLANG_WARN_COMMA = YES;
				CLANG_WARN_CONSTANT_CONVERSION = YES;
				CLANG_WARN_DIRECT_OBJC_ISA_USAGE = YES_ERROR;
				CLANG_WARN_DOCUMENTATION_COMMENTS = YES;
				CLANG_WARN_EMPTY_BODY = YES;
				CLANG_WARN_ENUM_CONVERSION = YES;
				CLANG_WARN_INFINITE_RECURSION = YES;
				CLANG_WARN_INT_CONVERSION = YES;
				CLANG_WARN_NON_LITERAL_NULL_CONVERSION = YES;
				CLANG_WARN_OBJC_LITERAL_CONVERSION = YES;
				CLANG_WARN_OBJC_ROOT_CLASS = YES_ERROR;
				CLANG_WARN_RANGE_LOOP_ANALYSIS = YES;
				CLANG_WARN_STRICT_PROTOTYPES = YES;
				CLANG_WARN_SUSPICIOUS_MOVE = YES;
				CLANG_WARN_SUSPICIOUS_MOVES = YES;
				CLANG_WARN_UNREACHABLE_CODE = YES;
				CLANG_WARN__DUPLICATE_METHOD_MATCH = YES;
				"CODE_SIGN_IDENTITY[sdk=iphoneos*]" = "iPhone Developer";
				COPY_PHASE_STRIP = NO;
				DEBUG_INFORMATION_FORMAT = dwarf;
				ENABLE_STRICT_OBJC_MSGSEND = YES;
				ENABLE_TESTABILITY = YES;
				GCC_C_LANGUAGE_STANDARD = gnu99;
				GCC_DYNAMIC_NO_PIC = NO;
				GCC_NO_COMMON_BLOCKS = YES;
				GCC_OPTIMIZATION_LEVEL = 0;
				GCC_PREPROCESSOR_DEFINITIONS = (
					"DEBUG=1",
					"$(inherited)",
				);
				GCC_WARN_64_TO_32_BIT_CONVERSION = YES;
				GCC_WARN_ABOUT_RETURN_TYPE = YES_ERROR;
				GCC_WARN_UNDECLARED_SELECTOR = YES;
				GCC_WARN_UNINITIALIZED_AUTOS = YES_AGGRESSIVE;
				GCC_WARN_UNUSED_FUNCTION = YES;
				GCC_WARN_UNUSED_VARIABLE = YES;
				IPHONEOS_DEPLOYMENT_TARGET = 10.1;
				MTL_ENABLE_DEBUG_INFO = YES;
				ONLY_ACTIVE_ARCH = YES;
				SDKROOT = iphoneos;
				SWIFT_ACTIVE_COMPILATION_CONDITIONS = DEBUG;
				SWIFT_OPTIMIZATION_LEVEL = "-Onone";
			};
			name = Debug;
		};
		C664243F1DE0A3CE00197D45 /* Release */ = {
			isa = XCBuildConfiguration;
			buildSettings = {
				ALWAYS_SEARCH_USER_PATHS = NO;
				CLANG_ANALYZER_NONNULL = YES;
				CLANG_CXX_LANGUAGE_STANDARD = "gnu++0x";
				CLANG_CXX_LIBRARY = "libc++";
				CLANG_ENABLE_MODULES = YES;
				CLANG_ENABLE_OBJC_ARC = YES;
				CLANG_WARN_BLOCK_CAPTURE_AUTORELEASING = YES;
				CLANG_WARN_BOOL_CONVERSION = YES;
				CLANG_WARN_COMMA = YES;
				CLANG_WARN_CONSTANT_CONVERSION = YES;
				CLANG_WARN_DIRECT_OBJC_ISA_USAGE = YES_ERROR;
				CLANG_WARN_DOCUMENTATION_COMMENTS = YES;
				CLANG_WARN_EMPTY_BODY = YES;
				CLANG_WARN_ENUM_CONVERSION = YES;
				CLANG_WARN_INFINITE_RECURSION = YES;
				CLANG_WARN_INT_CONVERSION = YES;
				CLANG_WARN_NON_LITERAL_NULL_CONVERSION = YES;
				CLANG_WARN_OBJC_LITERAL_CONVERSION = YES;
				CLANG_WARN_OBJC_ROOT_CLASS = YES_ERROR;
				CLANG_WARN_RANGE_LOOP_ANALYSIS = YES;
				CLANG_WARN_STRICT_PROTOTYPES = YES;
				CLANG_WARN_SUSPICIOUS_MOVE = YES;
				CLANG_WARN_SUSPICIOUS_MOVES = YES;
				CLANG_WARN_UNREACHABLE_CODE = YES;
				CLANG_WARN__DUPLICATE_METHOD_MATCH = YES;
				"CODE_SIGN_IDENTITY[sdk=iphoneos*]" = "iPhone Developer";
				COPY_PHASE_STRIP = NO;
				DEBUG_INFORMATION_FORMAT = "dwarf-with-dsym";
				ENABLE_NS_ASSERTIONS = NO;
				ENABLE_STRICT_OBJC_MSGSEND = YES;
				GCC_C_LANGUAGE_STANDARD = gnu99;
				GCC_NO_COMMON_BLOCKS = YES;
				GCC_WARN_64_TO_32_BIT_CONVERSION = YES;
				GCC_WARN_ABOUT_RETURN_TYPE = YES_ERROR;
				GCC_WARN_UNDECLARED_SELECTOR = YES;
				GCC_WARN_UNINITIALIZED_AUTOS = YES_AGGRESSIVE;
				GCC_WARN_UNUSED_FUNCTION = YES;
				GCC_WARN_UNUSED_VARIABLE = YES;
				IPHONEOS_DEPLOYMENT_TARGET = 10.1;
				MTL_ENABLE_DEBUG_INFO = NO;
				SDKROOT = iphoneos;
				SWIFT_OPTIMIZATION_LEVEL = "-Owholemodule";
				VALIDATE_PRODUCT = YES;
			};
			name = Release;
		};
		C66424411DE0A3CE00197D45 /* Debug */ = {
			isa = XCBuildConfiguration;
			buildSettings = {
				ASSETCATALOG_COMPILER_APPICON_NAME = AppIcon;
				DEVELOPMENT_TEAM = ZR7MEKJXLB;
				INFOPLIST_FILE = "MED-CARDS/Info.plist";
				LD_RUNPATH_SEARCH_PATHS = "$(inherited) @executable_path/Frameworks";
				PRODUCT_BUNDLE_IDENTIFIER = "comSanexio.MED-CARDS";
				PRODUCT_NAME = "$(TARGET_NAME)";
				SWIFT_SWIFT3_OBJC_INFERENCE = On;
				SWIFT_VERSION = 4.0;
			};
			name = Debug;
		};
		C66424421DE0A3CE00197D45 /* Release */ = {
			isa = XCBuildConfiguration;
			buildSettings = {
				ASSETCATALOG_COMPILER_APPICON_NAME = AppIcon;
				DEVELOPMENT_TEAM = ZR7MEKJXLB;
				INFOPLIST_FILE = "MED-CARDS/Info.plist";
				LD_RUNPATH_SEARCH_PATHS = "$(inherited) @executable_path/Frameworks";
				PRODUCT_BUNDLE_IDENTIFIER = "comSanexio.MED-CARDS";
				PRODUCT_NAME = "$(TARGET_NAME)";
				SWIFT_SWIFT3_OBJC_INFERENCE = On;
				SWIFT_VERSION = 4.0;
			};
			name = Release;
		};
		C66424441DE0A3CE00197D45 /* Debug */ = {
			isa = XCBuildConfiguration;
			buildSettings = {
				ALWAYS_EMBED_SWIFT_STANDARD_LIBRARIES = YES;
				BUNDLE_LOADER = "$(TEST_HOST)";
				DEVELOPMENT_TEAM = ZR7MEKJXLB;
				INFOPLIST_FILE = "MED-CARDSTests/Info.plist";
				LD_RUNPATH_SEARCH_PATHS = "$(inherited) @executable_path/Frameworks @loader_path/Frameworks";
				PRODUCT_BUNDLE_IDENTIFIER = "comSanexio.MED-CARDSTests";
				PRODUCT_NAME = "$(TARGET_NAME)";
				SWIFT_SWIFT3_OBJC_INFERENCE = On;
				SWIFT_VERSION = 4.0;
				TEST_HOST = "$(BUILT_PRODUCTS_DIR)/MED-CARDS.app/MED-CARDS";
			};
			name = Debug;
		};
		C66424451DE0A3CE00197D45 /* Release */ = {
			isa = XCBuildConfiguration;
			buildSettings = {
				ALWAYS_EMBED_SWIFT_STANDARD_LIBRARIES = YES;
				BUNDLE_LOADER = "$(TEST_HOST)";
				DEVELOPMENT_TEAM = ZR7MEKJXLB;
				INFOPLIST_FILE = "MED-CARDSTests/Info.plist";
				LD_RUNPATH_SEARCH_PATHS = "$(inherited) @executable_path/Frameworks @loader_path/Frameworks";
				PRODUCT_BUNDLE_IDENTIFIER = "comSanexio.MED-CARDSTests";
				PRODUCT_NAME = "$(TARGET_NAME)";
				SWIFT_SWIFT3_OBJC_INFERENCE = On;
				SWIFT_VERSION = 4.0;
				TEST_HOST = "$(BUILT_PRODUCTS_DIR)/MED-CARDS.app/MED-CARDS";
			};
			name = Release;
		};
		C66424471DE0A3CE00197D45 /* Debug */ = {
			isa = XCBuildConfiguration;
			buildSettings = {
				ALWAYS_EMBED_SWIFT_STANDARD_LIBRARIES = YES;
				DEVELOPMENT_TEAM = ZR7MEKJXLB;
				INFOPLIST_FILE = "MED-CARDSUITests/Info.plist";
				LD_RUNPATH_SEARCH_PATHS = "$(inherited) @executable_path/Frameworks @loader_path/Frameworks";
				PRODUCT_BUNDLE_IDENTIFIER = "comSanexio.MED-CARDSUITests";
				PRODUCT_NAME = "$(TARGET_NAME)";
				SWIFT_SWIFT3_OBJC_INFERENCE = On;
				SWIFT_VERSION = 4.0;
				TEST_TARGET_NAME = "MED-CARDS";
			};
			name = Debug;
		};
		C66424481DE0A3CE00197D45 /* Release */ = {
			isa = XCBuildConfiguration;
			buildSettings = {
				ALWAYS_EMBED_SWIFT_STANDARD_LIBRARIES = YES;
				DEVELOPMENT_TEAM = ZR7MEKJXLB;
				INFOPLIST_FILE = "MED-CARDSUITests/Info.plist";
				LD_RUNPATH_SEARCH_PATHS = "$(inherited) @executable_path/Frameworks @loader_path/Frameworks";
				PRODUCT_BUNDLE_IDENTIFIER = "comSanexio.MED-CARDSUITests";
				PRODUCT_NAME = "$(TARGET_NAME)";
				SWIFT_SWIFT3_OBJC_INFERENCE = On;
				SWIFT_VERSION = 4.0;
				TEST_TARGET_NAME = "MED-CARDS";
			};
			name = Release;
		};
/* End XCBuildConfiguration section */

/* Begin XCConfigurationList section */
		C66424101DE0A3CE00197D45 /* Build configuration list for PBXProject "MED-CARDS" */ = {
			isa = XCConfigurationList;
			buildConfigurations = (
				C664243E1DE0A3CE00197D45 /* Debug */,
				C664243F1DE0A3CE00197D45 /* Release */,
			);
			defaultConfigurationIsVisible = 0;
			defaultConfigurationName = Release;
		};
		C66424401DE0A3CE00197D45 /* Build configuration list for PBXNativeTarget "MED-CARDS" */ = {
			isa = XCConfigurationList;
			buildConfigurations = (
				C66424411DE0A3CE00197D45 /* Debug */,
				C66424421DE0A3CE00197D45 /* Release */,
			);
			defaultConfigurationIsVisible = 0;
			defaultConfigurationName = Release;
		};
		C66424431DE0A3CE00197D45 /* Build configuration list for PBXNativeTarget "MED-CARDSTests" */ = {
			isa = XCConfigurationList;
			buildConfigurations = (
				C66424441DE0A3CE00197D45 /* Debug */,
				C66424451DE0A3CE00197D45 /* Release */,
			);
			defaultConfigurationIsVisible = 0;
			defaultConfigurationName = Release;
		};
		C66424461DE0A3CE00197D45 /* Build configuration list for PBXNativeTarget "MED-CARDSUITests" */ = {
			isa = XCConfigurationList;
			buildConfigurations = (
				C66424471DE0A3CE00197D45 /* Debug */,
				C66424481DE0A3CE00197D45 /* Release */,
			);
			defaultConfigurationIsVisible = 0;
			defaultConfigurationName = Release;
		};
/* End XCConfigurationList section */

/* Begin XCVersionGroup section */
		C664241F1DE0A3CE00197D45 /* MED_CARDS.xcdatamodeld */ = {
			isa = XCVersionGroup;
			children = (
				C66424201DE0A3CE00197D45 /* MED_CARDS.xcdatamodel */,
			);
			currentVersion = C66424201DE0A3CE00197D45 /* MED_CARDS.xcdatamodel */;
			path = MED_CARDS.xcdatamodeld;
			sourceTree = "<group>";
			versionGroupType = wrapper.xcdatamodel;
		};
/* End XCVersionGroup section */
	};
	rootObject = C664240D1DE0A3CE00197D45 /* Project object */;
}
