// !$*UTF8*$!
{
	archiveVersion = 1;
	classes = {
	};
	objectVersion = 46;
	objects = {

/* Begin PBXBuildFile section */
		E136A4381DD765E900D3AC80 /* AppDelegate.swift in Sources */ = {isa = PBXBuildFile; fileRef = E136A4371DD765E900D3AC80 /* AppDelegate.swift */; };
		E136A43A1DD765EA00D3AC80 /* ViewController.swift in Sources */ = {isa = PBXBuildFile; fileRef = E136A4391DD765EA00D3AC80 /* ViewController.swift */; };
		E136A43D1DD765EA00D3AC80 /* Main.storyboard in Resources */ = {isa = PBXBuildFile; fileRef = E136A43B1DD765EA00D3AC80 /* Main.storyboard */; };
		E136A4401DD765EA00D3AC80 /* MED_CARDS.xcdatamodeld in Sources */ = {isa = PBXBuildFile; fileRef = E136A43E1DD765EA00D3AC80 /* MED_CARDS.xcdatamodeld */; };
		E136A4421DD765EA00D3AC80 /* Assets.xcassets in Resources */ = {isa = PBXBuildFile; fileRef = E136A4411DD765EA00D3AC80 /* Assets.xcassets */; };
		E136A4451DD765EA00D3AC80 /* LaunchScreen.storyboard in Resources */ = {isa = PBXBuildFile; fileRef = E136A4431DD765EA00D3AC80 /* LaunchScreen.storyboard */; };
		E136A4501DD765EB00D3AC80 /* MED_CARDSTests.swift in Sources */ = {isa = PBXBuildFile; fileRef = E136A44F1DD765EB00D3AC80 /* MED_CARDSTests.swift */; };
		E136A45B1DD765EC00D3AC80 /* MED_CARDSUITests.swift in Sources */ = {isa = PBXBuildFile; fileRef = E136A45A1DD765EC00D3AC80 /* MED_CARDSUITests.swift */; };
/* End PBXBuildFile section */

/* Begin PBXContainerItemProxy section */
		E136A44C1DD765EB00D3AC80 /* PBXContainerItemProxy */ = {
			isa = PBXContainerItemProxy;
			containerPortal = E136A42C1DD765E900D3AC80 /* Project object */;
			proxyType = 1;
			remoteGlobalIDString = E136A4331DD765E900D3AC80;
			remoteInfo = "MED-CARDS";
		};
		E136A4571DD765EB00D3AC80 /* PBXContainerItemProxy */ = {
			isa = PBXContainerItemProxy;
			containerPortal = E136A42C1DD765E900D3AC80 /* Project object */;
			proxyType = 1;
			remoteGlobalIDString = E136A4331DD765E900D3AC80;
			remoteInfo = "MED-CARDS";
		};
/* End PBXContainerItemProxy section */

/* Begin PBXFileReference section */
		E136A4341DD765E900D3AC80 /* MED-CARDS.app */ = {isa = PBXFileReference; explicitFileType = wrapper.application; includeInIndex = 0; path = "MED-CARDS.app"; sourceTree = BUILT_PRODUCTS_DIR; };
		E136A4371DD765E900D3AC80 /* AppDelegate.swift */ = {isa = PBXFileReference; lastKnownFileType = sourcecode.swift; path = AppDelegate.swift; sourceTree = "<group>"; };
		E136A4391DD765EA00D3AC80 /* ViewController.swift */ = {isa = PBXFileReference; lastKnownFileType = sourcecode.swift; path = ViewController.swift; sourceTree = "<group>"; };
		E136A43C1DD765EA00D3AC80 /* Base */ = {isa = PBXFileReference; lastKnownFileType = file.storyboard; name = Base; path = Base.lproj/Main.storyboard; sourceTree = "<group>"; };
		E136A43F1DD765EA00D3AC80 /* MED_CARDS.xcdatamodel */ = {isa = PBXFileReference; lastKnownFileType = wrapper.xcdatamodel; path = MED_CARDS.xcdatamodel; sourceTree = "<group>"; };
		E136A4411DD765EA00D3AC80 /* Assets.xcassets */ = {isa = PBXFileReference; lastKnownFileType = folder.assetcatalog; path = Assets.xcassets; sourceTree = "<group>"; };
		E136A4441DD765EA00D3AC80 /* Base */ = {isa = PBXFileReference; lastKnownFileType = file.storyboard; name = Base; path = Base.lproj/LaunchScreen.storyboard; sourceTree = "<group>"; };
		E136A4461DD765EB00D3AC80 /* Info.plist */ = {isa = PBXFileReference; lastKnownFileType = text.plist.xml; path = Info.plist; sourceTree = "<group>"; };
		E136A44B1DD765EB00D3AC80 /* MED-CARDSTests.xctest */ = {isa = PBXFileReference; explicitFileType = wrapper.cfbundle; includeInIndex = 0; path = "MED-CARDSTests.xctest"; sourceTree = BUILT_PRODUCTS_DIR; };
		E136A44F1DD765EB00D3AC80 /* MED_CARDSTests.swift */ = {isa = PBXFileReference; lastKnownFileType = sourcecode.swift; path = MED_CARDSTests.swift; sourceTree = "<group>"; };
		E136A4511DD765EB00D3AC80 /* Info.plist */ = {isa = PBXFileReference; lastKnownFileType = text.plist.xml; path = Info.plist; sourceTree = "<group>"; };
		E136A4561DD765EB00D3AC80 /* MED-CARDSUITests.xctest */ = {isa = PBXFileReference; explicitFileType = wrapper.cfbundle; includeInIndex = 0; path = "MED-CARDSUITests.xctest"; sourceTree = BUILT_PRODUCTS_DIR; };
		E136A45A1DD765EC00D3AC80 /* MED_CARDSUITests.swift */ = {isa = PBXFileReference; lastKnownFileType = sourcecode.swift; path = MED_CARDSUITests.swift; sourceTree = "<group>"; };
		E136A45C1DD765ED00D3AC80 /* Info.plist */ = {isa = PBXFileReference; lastKnownFileType = text.plist.xml; path = Info.plist; sourceTree = "<group>"; };
/* End PBXFileReference section */

/* Begin PBXFrameworksBuildPhase section */
		E136A4311DD765E900D3AC80 /* Frameworks */ = {
			isa = PBXFrameworksBuildPhase;
			buildActionMask = 2147483647;
			files = (
			);
			runOnlyForDeploymentPostprocessing = 0;
		};
		E136A4481DD765EB00D3AC80 /* Frameworks */ = {
			isa = PBXFrameworksBuildPhase;
			buildActionMask = 2147483647;
			files = (
			);
			runOnlyForDeploymentPostprocessing = 0;
		};
		E136A4531DD765EB00D3AC80 /* Frameworks */ = {
			isa = PBXFrameworksBuildPhase;
			buildActionMask = 2147483647;
			files = (
			);
			runOnlyForDeploymentPostprocessing = 0;
		};
/* End PBXFrameworksBuildPhase section */

/* Begin PBXGroup section */
		E136A42B1DD765E900D3AC80 = {
			isa = PBXGroup;
			children = (
				E136A4361DD765E900D3AC80 /* MED-CARDS */,
				E136A44E1DD765EB00D3AC80 /* MED-CARDSTests */,
				E136A4591DD765EC00D3AC80 /* MED-CARDSUITests */,
				E136A4351DD765E900D3AC80 /* Products */,
			);
			sourceTree = "<group>";
		};
		E136A4351DD765E900D3AC80 /* Products */ = {
			isa = PBXGroup;
			children = (
				E136A4341DD765E900D3AC80 /* MED-CARDS.app */,
				E136A44B1DD765EB00D3AC80 /* MED-CARDSTests.xctest */,
				E136A4561DD765EB00D3AC80 /* MED-CARDSUITests.xctest */,
			);
			name = Products;
			sourceTree = "<group>";
		};
		E136A4361DD765E900D3AC80 /* MED-CARDS */ = {
			isa = PBXGroup;
			children = (
				E136A4371DD765E900D3AC80 /* AppDelegate.swift */,
				E136A4391DD765EA00D3AC80 /* ViewController.swift */,
				E136A43B1DD765EA00D3AC80 /* Main.storyboard */,
				E136A4411DD765EA00D3AC80 /* Assets.xcassets */,
				E136A4431DD765EA00D3AC80 /* LaunchScreen.storyboard */,
				E136A4461DD765EB00D3AC80 /* Info.plist */,
				E136A43E1DD765EA00D3AC80 /* MED_CARDS.xcdatamodeld */,
			);
			path = "MED-CARDS";
			sourceTree = "<group>";
		};
		E136A44E1DD765EB00D3AC80 /* MED-CARDSTests */ = {
			isa = PBXGroup;
			children = (
				E136A44F1DD765EB00D3AC80 /* MED_CARDSTests.swift */,
				E136A4511DD765EB00D3AC80 /* Info.plist */,
			);
			path = "MED-CARDSTests";
			sourceTree = "<group>";
		};
		E136A4591DD765EC00D3AC80 /* MED-CARDSUITests */ = {
			isa = PBXGroup;
			children = (
				E136A45A1DD765EC00D3AC80 /* MED_CARDSUITests.swift */,
				E136A45C1DD765ED00D3AC80 /* Info.plist */,
			);
			path = "MED-CARDSUITests";
			sourceTree = "<group>";
		};
/* End PBXGroup section */

/* Begin PBXNativeTarget section */
		E136A4331DD765E900D3AC80 /* MED-CARDS */ = {
			isa = PBXNativeTarget;
			buildConfigurationList = E136A45F1DD765ED00D3AC80 /* Build configuration list for PBXNativeTarget "MED-CARDS" */;
			buildPhases = (
				E136A4301DD765E900D3AC80 /* Sources */,
				E136A4311DD765E900D3AC80 /* Frameworks */,
				E136A4321DD765E900D3AC80 /* Resources */,
			);
			buildRules = (
			);
			dependencies = (
			);
			name = "MED-CARDS";
			productName = "MED-CARDS";
			productReference = E136A4341DD765E900D3AC80 /* MED-CARDS.app */;
			productType = "com.apple.product-type.application";
		};
		E136A44A1DD765EB00D3AC80 /* MED-CARDSTests */ = {
			isa = PBXNativeTarget;
			buildConfigurationList = E136A4621DD765ED00D3AC80 /* Build configuration list for PBXNativeTarget "MED-CARDSTests" */;
			buildPhases = (
				E136A4471DD765EB00D3AC80 /* Sources */,
				E136A4481DD765EB00D3AC80 /* Frameworks */,
				E136A4491DD765EB00D3AC80 /* Resources */,
			);
			buildRules = (
			);
			dependencies = (
				E136A44D1DD765EB00D3AC80 /* PBXTargetDependency */,
			);
			name = "MED-CARDSTests";
			productName = "MED-CARDSTests";
			productReference = E136A44B1DD765EB00D3AC80 /* MED-CARDSTests.xctest */;
			productType = "com.apple.product-type.bundle.unit-test";
		};
		E136A4551DD765EB00D3AC80 /* MED-CARDSUITests */ = {
			isa = PBXNativeTarget;
			buildConfigurationList = E136A4651DD765ED00D3AC80 /* Build configuration list for PBXNativeTarget "MED-CARDSUITests" */;
			buildPhases = (
				E136A4521DD765EB00D3AC80 /* Sources */,
				E136A4531DD765EB00D3AC80 /* Frameworks */,
				E136A4541DD765EB00D3AC80 /* Resources */,
			);
			buildRules = (
			);
			dependencies = (
				E136A4581DD765EB00D3AC80 /* PBXTargetDependency */,
			);
			name = "MED-CARDSUITests";
			productName = "MED-CARDSUITests";
			productReference = E136A4561DD765EB00D3AC80 /* MED-CARDSUITests.xctest */;
			productType = "com.apple.product-type.bundle.ui-testing";
		};
/* End PBXNativeTarget section */

/* Begin PBXProject section */
		E136A42C1DD765E900D3AC80 /* Project object */ = {
			isa = PBXProject;
			attributes = {
				LastSwiftUpdateCheck = 0810;
				LastUpgradeCheck = 0810;
				ORGANIZATIONNAME = "Dr. Siegbert Stracke";
				TargetAttributes = {
					E136A4331DD765E900D3AC80 = {
						CreatedOnToolsVersion = 8.1;
						DevelopmentTeam = ZR7MEKJXLB;
						ProvisioningStyle = Automatic;
					};
					E136A44A1DD765EB00D3AC80 = {
						CreatedOnToolsVersion = 8.1;
						DevelopmentTeam = ZR7MEKJXLB;
						ProvisioningStyle = Automatic;
						TestTargetID = E136A4331DD765E900D3AC80;
					};
					E136A4551DD765EB00D3AC80 = {
						CreatedOnToolsVersion = 8.1;
						DevelopmentTeam = ZR7MEKJXLB;
						ProvisioningStyle = Automatic;
						TestTargetID = E136A4331DD765E900D3AC80;
					};
				};
			};
			buildConfigurationList = E136A42F1DD765E900D3AC80 /* Build configuration list for PBXProject "MED-CARDS" */;
			compatibilityVersion = "Xcode 3.2";
			developmentRegion = English;
			hasScannedForEncodings = 0;
			knownRegions = (
				en,
				Base,
			);
			mainGroup = E136A42B1DD765E900D3AC80;
			productRefGroup = E136A4351DD765E900D3AC80 /* Products */;
			projectDirPath = "";
			projectRoot = "";
			targets = (
				E136A4331DD765E900D3AC80 /* MED-CARDS */,
				E136A44A1DD765EB00D3AC80 /* MED-CARDSTests */,
				E136A4551DD765EB00D3AC80 /* MED-CARDSUITests */,
			);
		};
/* End PBXProject section */

/* Begin PBXResourcesBuildPhase section */
		E136A4321DD765E900D3AC80 /* Resources */ = {
			isa = PBXResourcesBuildPhase;
			buildActionMask = 2147483647;
			files = (
				E136A4451DD765EA00D3AC80 /* LaunchScreen.storyboard in Resources */,
				E136A4421DD765EA00D3AC80 /* Assets.xcassets in Resources */,
				E136A43D1DD765EA00D3AC80 /* Main.storyboard in Resources */,
			);
			runOnlyForDeploymentPostprocessing = 0;
		};
		E136A4491DD765EB00D3AC80 /* Resources */ = {
			isa = PBXResourcesBuildPhase;
			buildActionMask = 2147483647;
			files = (
			);
			runOnlyForDeploymentPostprocessing = 0;
		};
		E136A4541DD765EB00D3AC80 /* Resources */ = {
			isa = PBXResourcesBuildPhase;
			buildActionMask = 2147483647;
			files = (
			);
			runOnlyForDeploymentPostprocessing = 0;
		};
/* End PBXResourcesBuildPhase section */

/* Begin PBXSourcesBuildPhase section */
		E136A4301DD765E900D3AC80 /* Sources */ = {
			isa = PBXSourcesBuildPhase;
			buildActionMask = 2147483647;
			files = (
				E136A43A1DD765EA00D3AC80 /* ViewController.swift in Sources */,
				E136A4381DD765E900D3AC80 /* AppDelegate.swift in Sources */,
				E136A4401DD765EA00D3AC80 /* MED_CARDS.xcdatamodeld in Sources */,
			);
			runOnlyForDeploymentPostprocessing = 0;
		};
		E136A4471DD765EB00D3AC80 /* Sources */ = {
			isa = PBXSourcesBuildPhase;
			buildActionMask = 2147483647;
			files = (
				E136A4501DD765EB00D3AC80 /* MED_CARDSTests.swift in Sources */,
			);
			runOnlyForDeploymentPostprocessing = 0;
		};
		E136A4521DD765EB00D3AC80 /* Sources */ = {
			isa = PBXSourcesBuildPhase;
			buildActionMask = 2147483647;
			files = (
				E136A45B1DD765EC00D3AC80 /* MED_CARDSUITests.swift in Sources */,
			);
			runOnlyForDeploymentPostprocessing = 0;
		};
/* End PBXSourcesBuildPhase section */

/* Begin PBXTargetDependency section */
		E136A44D1DD765EB00D3AC80 /* PBXTargetDependency */ = {
			isa = PBXTargetDependency;
			target = E136A4331DD765E900D3AC80 /* MED-CARDS */;
			targetProxy = E136A44C1DD765EB00D3AC80 /* PBXContainerItemProxy */;
		};
		E136A4581DD765EB00D3AC80 /* PBXTargetDependency */ = {
			isa = PBXTargetDependency;
			target = E136A4331DD765E900D3AC80 /* MED-CARDS */;
			targetProxy = E136A4571DD765EB00D3AC80 /* PBXContainerItemProxy */;
		};
/* End PBXTargetDependency section */

/* Begin PBXVariantGroup section */
		E136A43B1DD765EA00D3AC80 /* Main.storyboard */ = {
			isa = PBXVariantGroup;
			children = (
				E136A43C1DD765EA00D3AC80 /* Base */,
			);
			name = Main.storyboard;
			sourceTree = "<group>";
		};
		E136A4431DD765EA00D3AC80 /* LaunchScreen.storyboard */ = {
			isa = PBXVariantGroup;
			children = (
				E136A4441DD765EA00D3AC80 /* Base */,
			);
			name = LaunchScreen.storyboard;
			sourceTree = "<group>";
		};
/* End PBXVariantGroup section */

/* Begin XCBuildConfiguration section */
		E136A45D1DD765ED00D3AC80 /* Debug */ = {
			isa = XCBuildConfiguration;
			buildSettings = {
				ALWAYS_SEARCH_USER_PATHS = NO;
				CLANG_ANALYZER_NONNULL = YES;
				CLANG_CXX_LANGUAGE_STANDARD = "gnu++0x";
				CLANG_CXX_LIBRARY = "libc++";
				CLANG_ENABLE_MODULES = YES;
				CLANG_ENABLE_OBJC_ARC = YES;
				CLANG_WARN_BOOL_CONVERSION = YES;
				CLANG_WARN_CONSTANT_CONVERSION = YES;
				CLANG_WARN_DIRECT_OBJC_ISA_USAGE = YES_ERROR;
				CLANG_WARN_DOCUMENTATION_COMMENTS = YES;
				CLANG_WARN_EMPTY_BODY = YES;
				CLANG_WARN_ENUM_CONVERSION = YES;
				CLANG_WARN_INFINITE_RECURSION = YES;
				CLANG_WARN_INT_CONVERSION = YES;
				CLANG_WARN_OBJC_ROOT_CLASS = YES_ERROR;
				CLANG_WARN_SUSPICIOUS_MOVES = YES;
				CLANG_WARN_UNREACHABLE_CODE = YES;
				CLANG_WARN__DUPLICATE_METHOD_MATCH = YES;
				"CODE_SIGN_IDENTITY[sdk=iphoneos*]" = "iPhone Developer";
				COPY_PHASE_STRIP = NO;
				DEBUG_INFORMATION_FORMAT = dwarf;
				ENABLE_STRICT_OBJC_MSGSEND = YES;
				ENABLE_TESTABILITY = YES;
				GCC_C_LANGUAGE_STANDARD = gnu99;
				GCC_DYNAMIC_NO_PIC = NO;
				GCC_NO_COMMON_BLOCKS = YES;
				GCC_OPTIMIZATION_LEVEL = 0;
				GCC_PREPROCESSOR_DEFINITIONS = (
					"DEBUG=1",
					"$(inherited)",
				);
				GCC_WARN_64_TO_32_BIT_CONVERSION = YES;
				GCC_WARN_ABOUT_RETURN_TYPE = YES_ERROR;
				GCC_WARN_UNDECLARED_SELECTOR = YES;
				GCC_WARN_UNINITIALIZED_AUTOS = YES_AGGRESSIVE;
				GCC_WARN_UNUSED_FUNCTION = YES;
				GCC_WARN_UNUSED_VARIABLE = YES;
				IPHONEOS_DEPLOYMENT_TARGET = 10.1;
				MTL_ENABLE_DEBUG_INFO = YES;
				ONLY_ACTIVE_ARCH = YES;
				SDKROOT = iphoneos;
				SWIFT_ACTIVE_COMPILATION_CONDITIONS = DEBUG;
				SWIFT_OPTIMIZATION_LEVEL = "-Onone";
				TARGETED_DEVICE_FAMILY = "1,2";
			};
			name = Debug;
		};
		E136A45E1DD765ED00D3AC80 /* Release */ = {
			isa = XCBuildConfiguration;
			buildSettings = {
				ALWAYS_SEARCH_USER_PATHS = NO;
				CLANG_ANALYZER_NONNULL = YES;
				CLANG_CXX_LANGUAGE_STANDARD = "gnu++0x";
				CLANG_CXX_LIBRARY = "libc++";
				CLANG_ENABLE_MODULES = YES;
				CLANG_ENABLE_OBJC_ARC = YES;
				CLANG_WARN_BOOL_CONVERSION = YES;
				CLANG_WARN_CONSTANT_CONVERSION = YES;
				CLANG_WARN_DIRECT_OBJC_ISA_USAGE = YES_ERROR;
				CLANG_WARN_DOCUMENTATION_COMMENTS = YES;
				CLANG_WARN_EMPTY_BODY = YES;
				CLANG_WARN_ENUM_CONVERSION = YES;
				CLANG_WARN_INFINITE_RECURSION = YES;
				CLANG_WARN_INT_CONVERSION = YES;
				CLANG_WARN_OBJC_ROOT_CLASS = YES_ERROR;
				CLANG_WARN_SUSPICIOUS_MOVES = YES;
				CLANG_WARN_UNREACHABLE_CODE = YES;
				CLANG_WARN__DUPLICATE_METHOD_MATCH = YES;
				"CODE_SIGN_IDENTITY[sdk=iphoneos*]" = "iPhone Developer";
				COPY_PHASE_STRIP = NO;
				DEBUG_INFORMATION_FORMAT = "dwarf-with-dsym";
				ENABLE_NS_ASSERTIONS = NO;
				ENABLE_STRICT_OBJC_MSGSEND = YES;
				GCC_C_LANGUAGE_STANDARD = gnu99;
				GCC_NO_COMMON_BLOCKS = YES;
				GCC_WARN_64_TO_32_BIT_CONVERSION = YES;
				GCC_WARN_ABOUT_RETURN_TYPE = YES_ERROR;
				GCC_WARN_UNDECLARED_SELECTOR = YES;
				GCC_WARN_UNINITIALIZED_AUTOS = YES_AGGRESSIVE;
				GCC_WARN_UNUSED_FUNCTION = YES;
				GCC_WARN_UNUSED_VARIABLE = YES;
				IPHONEOS_DEPLOYMENT_TARGET = 10.1;
				MTL_ENABLE_DEBUG_INFO = NO;
				SDKROOT = iphoneos;
				SWIFT_OPTIMIZATION_LEVEL = "-Owholemodule";
				TARGETED_DEVICE_FAMILY = "1,2";
				VALIDATE_PRODUCT = YES;
			};
			name = Release;
		};
		E136A4601DD765ED00D3AC80 /* Debug */ = {
			isa = XCBuildConfiguration;
			buildSettings = {
				ASSETCATALOG_COMPILER_APPICON_NAME = AppIcon;
				DEVELOPMENT_TEAM = ZR7MEKJXLB;
				INFOPLIST_FILE = "MED-CARDS/Info.plist";
				IPHONEOS_DEPLOYMENT_TARGET = 8.0;
				LD_RUNPATH_SEARCH_PATHS = "$(inherited) @executable_path/Frameworks";
				PRODUCT_BUNDLE_IDENTIFIER = "Sanexio.MED-CARDS";
				PRODUCT_NAME = "$(TARGET_NAME)";
				SWIFT_VERSION = 3.0;
			};
			name = Debug;
		};
		E136A4611DD765ED00D3AC80 /* Release */ = {
			isa = XCBuildConfiguration;
			buildSettings = {
				ASSETCATALOG_COMPILER_APPICON_NAME = AppIcon;
				DEVELOPMENT_TEAM = ZR7MEKJXLB;
				INFOPLIST_FILE = "MED-CARDS/Info.plist";
				IPHONEOS_DEPLOYMENT_TARGET = 8.0;
				LD_RUNPATH_SEARCH_PATHS = "$(inherited) @executable_path/Frameworks";
				PRODUCT_BUNDLE_IDENTIFIER = "Sanexio.MED-CARDS";
				PRODUCT_NAME = "$(TARGET_NAME)";
				SWIFT_VERSION = 3.0;
			};
			name = Release;
		};
		E136A4631DD765ED00D3AC80 /* Debug */ = {
			isa = XCBuildConfiguration;
			buildSettings = {
				ALWAYS_EMBED_SWIFT_STANDARD_LIBRARIES = YES;
				BUNDLE_LOADER = "$(TEST_HOST)";
				DEVELOPMENT_TEAM = ZR7MEKJXLB;
				INFOPLIST_FILE = "MED-CARDSTests/Info.plist";
				LD_RUNPATH_SEARCH_PATHS = "$(inherited) @executable_path/Frameworks @loader_path/Frameworks";
				PRODUCT_BUNDLE_IDENTIFIER = "Sanexio.MED-CARDSTests";
				PRODUCT_NAME = "$(TARGET_NAME)";
				SWIFT_VERSION = 3.0;
				TEST_HOST = "$(BUILT_PRODUCTS_DIR)/MED-CARDS.app/MED-CARDS";
			};
			name = Debug;
		};
		E136A4641DD765ED00D3AC80 /* Release */ = {
			isa = XCBuildConfiguration;
			buildSettings = {
				ALWAYS_EMBED_SWIFT_STANDARD_LIBRARIES = YES;
				BUNDLE_LOADER = "$(TEST_HOST)";
				DEVELOPMENT_TEAM = ZR7MEKJXLB;
				INFOPLIST_FILE = "MED-CARDSTests/Info.plist";
				LD_RUNPATH_SEARCH_PATHS = "$(inherited) @executable_path/Frameworks @loader_path/Frameworks";
				PRODUCT_BUNDLE_IDENTIFIER = "Sanexio.MED-CARDSTests";
				PRODUCT_NAME = "$(TARGET_NAME)";
				SWIFT_VERSION = 3.0;
				TEST_HOST = "$(BUILT_PRODUCTS_DIR)/MED-CARDS.app/MED-CARDS";
			};
			name = Release;
		};
		E136A4661DD765ED00D3AC80 /* Debug */ = {
			isa = XCBuildConfiguration;
			buildSettings = {
				ALWAYS_EMBED_SWIFT_STANDARD_LIBRARIES = YES;
				DEVELOPMENT_TEAM = ZR7MEKJXLB;
				INFOPLIST_FILE = "MED-CARDSUITests/Info.plist";
				LD_RUNPATH_SEARCH_PATHS = "$(inherited) @executable_path/Frameworks @loader_path/Frameworks";
				PRODUCT_BUNDLE_IDENTIFIER = "Sanexio.MED-CARDSUITests";
				PRODUCT_NAME = "$(TARGET_NAME)";
				SWIFT_VERSION = 3.0;
				TEST_TARGET_NAME = "MED-CARDS";
			};
			name = Debug;
		};
		E136A4671DD765ED00D3AC80 /* Release */ = {
			isa = XCBuildConfiguration;
			buildSettings = {
				ALWAYS_EMBED_SWIFT_STANDARD_LIBRARIES = YES;
				DEVELOPMENT_TEAM = ZR7MEKJXLB;
				INFOPLIST_FILE = "MED-CARDSUITests/Info.plist";
				LD_RUNPATH_SEARCH_PATHS = "$(inherited) @executable_path/Frameworks @loader_path/Frameworks";
				PRODUCT_BUNDLE_IDENTIFIER = "Sanexio.MED-CARDSUITests";
				PRODUCT_NAME = "$(TARGET_NAME)";
				SWIFT_VERSION = 3.0;
				TEST_TARGET_NAME = "MED-CARDS";
			};
			name = Release;
		};
/* End XCBuildConfiguration section */

/* Begin XCConfigurationList section */
		E136A42F1DD765E900D3AC80 /* Build configuration list for PBXProject "MED-CARDS" */ = {
			isa = XCConfigurationList;
			buildConfigurations = (
				E136A45D1DD765ED00D3AC80 /* Debug */,
				E136A45E1DD765ED00D3AC80 /* Release */,
			);
			defaultConfigurationIsVisible = 0;
			defaultConfigurationName = Release;
		};
		E136A45F1DD765ED00D3AC80 /* Build configuration list for PBXNativeTarget "MED-CARDS" */ = {
			isa = XCConfigurationList;
			buildConfigurations = (
				E136A4601DD765ED00D3AC80 /* Debug */,
				E136A4611DD765ED00D3AC80 /* Release */,
			);
			defaultConfigurationIsVisible = 0;
		};
		E136A4621DD765ED00D3AC80 /* Build configuration list for PBXNativeTarget "MED-CARDSTests" */ = {
			isa = XCConfigurationList;
			buildConfigurations = (
				E136A4631DD765ED00D3AC80 /* Debug */,
				E136A4641DD765ED00D3AC80 /* Release */,
			);
			defaultConfigurationIsVisible = 0;
		};
		E136A4651DD765ED00D3AC80 /* Build configuration list for PBXNativeTarget "MED-CARDSUITests" */ = {
			isa = XCConfigurationList;
			buildConfigurations = (
				E136A4661DD765ED00D3AC80 /* Debug */,
				E136A4671DD765ED00D3AC80 /* Release */,
			);
			defaultConfigurationIsVisible = 0;
		};
/* End XCConfigurationList section */

/* Begin XCVersionGroup section */
		E136A43E1DD765EA00D3AC80 /* MED_CARDS.xcdatamodeld */ = {
			isa = XCVersionGroup;
			children = (
				E136A43F1DD765EA00D3AC80 /* MED_CARDS.xcdatamodel */,
			);
			currentVersion = E136A43F1DD765EA00D3AC80 /* MED_CARDS.xcdatamodel */;
			path = MED_CARDS.xcdatamodeld;
			sourceTree = "<group>";
			versionGroupType = wrapper.xcdatamodel;
		};
/* End XCVersionGroup section */
	};
	rootObject = E136A42C1DD765E900D3AC80 /* Project object */;
}
